
Microsoft Visual Studio Solution File, Format Version 12.00
# Visual Studio Version 17
VisualStudioVersion = 17.1.32210.238
MinimumVisualStudioVersion = 10.0.40219.1
Project("{FAE04EC0-301F-11D3-BF4B-00C04F79EFBC}") = "Paint", "Paint\Paint.csproj", "{4A02EECD-9D7D-471F-91A6-BC10EE97E3BD}"
EndProject
Project("{54435603-DBB4-11D2-8724-00A0C9A8B90C}") = "PaintSetup", "PaintSetup\PaintSetup.vdproj", "{22EA20CB-B70D-415A-9508-A4708B6FAC8F}"
EndProject
Global
	GlobalSection(SolutionConfigurationPlatforms) = preSolution
		Debug|Any CPU = Debug|Any CPU
		Release|Any CPU = Release|Any CPU
	EndGlobalSection
	GlobalSection(ProjectConfigurationPlatforms) = postSolution
		{4A02EECD-9D7D-471F-91A6-BC10EE97E3BD}.Debug|Any CPU.ActiveCfg = Debug|Any CPU
		{4A02EECD-9D7D-471F-91A6-BC10EE97E3BD}.Debug|Any CPU.Build.0 = Debug|Any CPU
		{4A02EECD-9D7D-471F-91A6-BC10EE97E3BD}.Release|Any CPU.ActiveCfg = Release|Any CPU
		{4A02EECD-9D7D-471F-91A6-BC10EE97E3BD}.Release|Any CPU.Build.0 = Release|Any CPU
		{22EA20CB-B70D-415A-9508-A4708B6FAC8F}.Debug|Any CPU.ActiveCfg = Debug
		{22EA20CB-B70D-415A-9508-A4708B6FAC8F}.Release|Any CPU.ActiveCfg = Release
	EndGlobalSection
	GlobalSection(SolutionProperties) = preSolution
		HideSolutionNode = FALSE
	EndGlobalSection
	GlobalSection(ExtensibilityGlobals) = postSolution
		SolutionGuid = {4B953DBE-B3EE-47EE-815A-7DF9176EDEAC}
	EndGlobalSection
EndGlobal
